// !$*UTF8*$!
{
	archiveVersion = 1;
	classes = {
	};
	objectVersion = 56;
	objects = {

/* Begin PBXBuildFile section */
		A10000000000000000000001 /* NearcastApp.swift in Sources */ = {isa = PBXBuildFile; fileRef = A20000000000000000000001 /* NearcastApp.swift */; };
		A10000000000000000000002 /* ContentView.swift in Sources */ = {isa = PBXBuildFile; fileRef = A20000000000000000000002 /* ContentView.swift */; };
		A10000000000000000000003 /* NativeDiagnosticsView.swift in Sources */ = {isa = PBXBuildFile; fileRef = A20000000000000000000003 /* NativeDiagnosticsView.swift */; };
		A10000000000000000000004 /* NearcastWebView.swift in Sources */ = {isa = PBXBuildFile; fileRef = A20000000000000000000004 /* NearcastWebView.swift */; };
		A10000000000000000000005 /* NearcastWebModel.swift in Sources */ = {isa = PBXBuildFile; fileRef = A20000000000000000000005 /* NearcastWebModel.swift */; };
		A10000000000000000000006 /* NativeBridge.swift in Sources */ = {isa = PBXBuildFile; fileRef = A20000000000000000000006 /* NativeBridge.swift */; };
		A10000000000000000000007 /* NativeRuntimeConfiguration.swift in Sources */ = {isa = PBXBuildFile; fileRef = A20000000000000000000007 /* NativeRuntimeConfiguration.swift */; };
		A10000000000000000000008 /* Assets.xcassets in Resources */ = {isa = PBXBuildFile; fileRef = A2000000000000000000000B /* Assets.xcassets */; };
		A10000000000000000000009 /* NearcastAppDelegate.swift in Sources */ = {isa = PBXBuildFile; fileRef = A2000000000000000000000C /* NearcastAppDelegate.swift */; };
		A1000000000000000000000A /* NativeNotificationRegistry.swift in Sources */ = {isa = PBXBuildFile; fileRef = A2000000000000000000000D /* NativeNotificationRegistry.swift */; };
		A1000000000000000000000B /* NativeNotificationRouter.swift in Sources */ = {isa = PBXBuildFile; fileRef = A20000000000000000000010 /* NativeNotificationRouter.swift */; };
		A1000000000000000000000C /* NativeStormActivityController.swift in Sources */ = {isa = PBXBuildFile; fileRef = A20000000000000000000011 /* NativeStormActivityController.swift */; };
		A1000000000000000000000D /* NativeWatchSnapshotSync.swift in Sources */ = {isa = PBXBuildFile; fileRef = A20000000000000000000012 /* NativeWatchSnapshotSync.swift */; };
		B10000000000000000000001 /* NearcastWidget.swift in Sources */ = {isa = PBXBuildFile; fileRef = B20000000000000000000001 /* NearcastWidget.swift */; };
		B10000000000000000000002 /* NearcastWidgetExtension.appex in Embed App Extensions */ = {isa = PBXBuildFile; fileRef = B20000000000000000000004 /* NearcastWidgetExtension.appex */; settings = {ATTRIBUTES = (RemoveHeadersOnCopy, ); }; };
		C10000000000000000000001 /* NearcastStormActivityAttributes.swift in Sources */ = {isa = PBXBuildFile; fileRef = C20000000000000000000001 /* NearcastStormActivityAttributes.swift */; };
		C10000000000000000000002 /* NearcastStormActivityAttributes.swift in Sources */ = {isa = PBXBuildFile; fileRef = C20000000000000000000001 /* NearcastStormActivityAttributes.swift */; };
		C10000000000000000000003 /* NearcastWidgetSnapshot.swift in Sources */ = {isa = PBXBuildFile; fileRef = C20000000000000000000002 /* NearcastWidgetSnapshot.swift */; };
		C10000000000000000000004 /* NearcastWidgetSnapshot.swift in Sources */ = {isa = PBXBuildFile; fileRef = C20000000000000000000002 /* NearcastWidgetSnapshot.swift */; };
		D10000000000000000000001 /* NearcastWatchApp.swift in Sources */ = {isa = PBXBuildFile; fileRef = D20000000000000000000001 /* NearcastWatchApp.swift */; };
		D10000000000000000000002 /* NearcastWatchRootView.swift in Sources */ = {isa = PBXBuildFile; fileRef = D20000000000000000000002 /* NearcastWatchRootView.swift */; };
		D10000000000000000000003 /* NearcastWidgetSnapshot.swift in Sources */ = {isa = PBXBuildFile; fileRef = C20000000000000000000002 /* NearcastWidgetSnapshot.swift */; };
		D10000000000000000000004 /* NearcastWatchSnapshotReceiver.swift in Sources */ = {isa = PBXBuildFile; fileRef = D20000000000000000000005 /* NearcastWatchSnapshotReceiver.swift */; };
		D10000000000000000000005 /* NearcastWatch.app in Embed Watch Content */ = {isa = PBXBuildFile; fileRef = D20000000000000000000004 /* NearcastWatch.app */; settings = {ATTRIBUTES = (RemoveHeadersOnCopy, ); }; };
		D10000000000000000000006 /* Assets.xcassets in Resources */ = {isa = PBXBuildFile; fileRef = D20000000000000000000006 /* Assets.xcassets */; };
		D10000000000000000000007 /* NearcastWatchVisualSignal.swift in Sources */ = {isa = PBXBuildFile; fileRef = C20000000000000000000003 /* NearcastWatchVisualSignal.swift */; };
		E10000000000000000000001 /* NearcastWatchComplications.swift in Sources */ = {isa = PBXBuildFile; fileRef = E20000000000000000000001 /* NearcastWatchComplications.swift */; };
		E10000000000000000000002 /* NearcastWidgetSnapshot.swift in Sources */ = {isa = PBXBuildFile; fileRef = C20000000000000000000002 /* NearcastWidgetSnapshot.swift */; };
		E10000000000000000000003 /* NearcastWatchComplications.appex in Embed Watch Extensions */ = {isa = PBXBuildFile; fileRef = E20000000000000000000004 /* NearcastWatchComplications.appex */; settings = {ATTRIBUTES = (RemoveHeadersOnCopy, ); }; };
		E10000000000000000000004 /* NearcastWatchVisualSignal.swift in Sources */ = {isa = PBXBuildFile; fileRef = C20000000000000000000003 /* NearcastWatchVisualSignal.swift */; };
/* End PBXBuildFile section */

/* Begin PBXContainerItemProxy section */
		B80000000000000000000002 /* PBXContainerItemProxy */ = {
			isa = PBXContainerItemProxy;
			containerPortal = A80000000000000000000001 /* Project object */;
			proxyType = 1;
			remoteGlobalIDString = B50000000000000000000001;
			remoteInfo = NearcastWidgetExtension;
		};
		D80000000000000000000001 /* PBXContainerItemProxy */ = {
			isa = PBXContainerItemProxy;
			containerPortal = A80000000000000000000001 /* Project object */;
			proxyType = 1;
			remoteGlobalIDString = D50000000000000000000001;
			remoteInfo = NearcastWatch;
		};
		E80000000000000000000001 /* PBXContainerItemProxy */ = {
			isa = PBXContainerItemProxy;
			containerPortal = A80000000000000000000001 /* Project object */;
			proxyType = 1;
			remoteGlobalIDString = E50000000000000000000001;
			remoteInfo = NearcastWatchComplications;
		};
/* End PBXContainerItemProxy section */

/* Begin PBXCopyFilesBuildPhase section */
		B71000000000000000000001 /* Embed App Extensions */ = {
			isa = PBXCopyFilesBuildPhase;
			buildActionMask = 2147483647;
			dstPath = "";
			dstSubfolderSpec = 13;
			files = (
				B10000000000000000000002 /* NearcastWidgetExtension.appex in Embed App Extensions */,
			);
			name = "Embed App Extensions";
			runOnlyForDeploymentPostprocessing = 0;
		};
		D71000000000000000000001 /* Embed Watch Content */ = {
			isa = PBXCopyFilesBuildPhase;
			buildActionMask = 2147483647;
			dstPath = "$(CONTENTS_FOLDER_PATH)/Watch";
			dstSubfolderSpec = 16;
			files = (
				D10000000000000000000005 /* NearcastWatch.app in Embed Watch Content */,
			);
			name = "Embed Watch Content";
			runOnlyForDeploymentPostprocessing = 0;
		};
		E71000000000000000000001 /* Embed Watch Extensions */ = {
			isa = PBXCopyFilesBuildPhase;
			buildActionMask = 2147483647;
			dstPath = "";
			dstSubfolderSpec = 13;
			files = (
				E10000000000000000000003 /* NearcastWatchComplications.appex in Embed Watch Extensions */,
			);
			name = "Embed Watch Extensions";
			runOnlyForDeploymentPostprocessing = 0;
		};
/* End PBXCopyFilesBuildPhase section */

/* Begin PBXFileReference section */
		A20000000000000000000001 /* NearcastApp.swift */ = {isa = PBXFileReference; lastKnownFileType = sourcecode.swift; path = NearcastApp.swift; sourceTree = "<group>"; };
		A20000000000000000000002 /* ContentView.swift */ = {isa = PBXFileReference; lastKnownFileType = sourcecode.swift; path = ContentView.swift; sourceTree = "<group>"; };
		A20000000000000000000003 /* NativeDiagnosticsView.swift */ = {isa = PBXFileReference; lastKnownFileType = sourcecode.swift; path = NativeDiagnosticsView.swift; sourceTree = "<group>"; };
		A20000000000000000000004 /* NearcastWebView.swift */ = {isa = PBXFileReference; lastKnownFileType = sourcecode.swift; path = NearcastWebView.swift; sourceTree = "<group>"; };
		A20000000000000000000005 /* NearcastWebModel.swift */ = {isa = PBXFileReference; lastKnownFileType = sourcecode.swift; path = NearcastWebModel.swift; sourceTree = "<group>"; };
		A20000000000000000000006 /* NativeBridge.swift */ = {isa = PBXFileReference; lastKnownFileType = sourcecode.swift; path = NativeBridge.swift; sourceTree = "<group>"; };
		A20000000000000000000007 /* NativeRuntimeConfiguration.swift */ = {isa = PBXFileReference; lastKnownFileType = sourcecode.swift; path = NativeRuntimeConfiguration.swift; sourceTree = "<group>"; };
		A20000000000000000000008 /* Info-Debug.plist */ = {isa = PBXFileReference; lastKnownFileType = text.plist.xml; path = "Info-Debug.plist"; sourceTree = "<group>"; };
		A20000000000000000000009 /* Nearcast.app */ = {isa = PBXFileReference; explicitFileType = wrapper.application; includeInIndex = 0; path = Nearcast.app; sourceTree = BUILT_PRODUCTS_DIR; };
		A2000000000000000000000A /* Info-Release.plist */ = {isa = PBXFileReference; lastKnownFileType = text.plist.xml; path = "Info-Release.plist"; sourceTree = "<group>"; };
		A2000000000000000000000B /* Assets.xcassets */ = {isa = PBXFileReference; lastKnownFileType = folder.assetcatalog; path = Assets.xcassets; sourceTree = "<group>"; };
		A2000000000000000000000C /* NearcastAppDelegate.swift */ = {isa = PBXFileReference; lastKnownFileType = sourcecode.swift; path = NearcastAppDelegate.swift; sourceTree = "<group>"; };
		A2000000000000000000000D /* NativeNotificationRegistry.swift */ = {isa = PBXFileReference; lastKnownFileType = sourcecode.swift; path = NativeNotificationRegistry.swift; sourceTree = "<group>"; };
		A2000000000000000000000E /* Nearcast-Debug.entitlements */ = {isa = PBXFileReference; lastKnownFileType = text.plist.entitlements; path = "Nearcast-Debug.entitlements"; sourceTree = "<group>"; };
		A2000000000000000000000F /* Nearcast-Release.entitlements */ = {isa = PBXFileReference; lastKnownFileType = text.plist.entitlements; path = "Nearcast-Release.entitlements"; sourceTree = "<group>"; };
		A20000000000000000000010 /* NativeNotificationRouter.swift */ = {isa = PBXFileReference; lastKnownFileType = sourcecode.swift; path = NativeNotificationRouter.swift; sourceTree = "<group>"; };
		A20000000000000000000011 /* NativeStormActivityController.swift */ = {isa = PBXFileReference; lastKnownFileType = sourcecode.swift; path = NativeStormActivityController.swift; sourceTree = "<group>"; };
		A20000000000000000000012 /* NativeWatchSnapshotSync.swift */ = {isa = PBXFileReference; lastKnownFileType = sourcecode.swift; path = NativeWatchSnapshotSync.swift; sourceTree = "<group>"; };
		B20000000000000000000001 /* NearcastWidget.swift */ = {isa = PBXFileReference; lastKnownFileType = sourcecode.swift; path = NearcastWidget.swift; sourceTree = "<group>"; };
		B20000000000000000000002 /* Info.plist */ = {isa = PBXFileReference; lastKnownFileType = text.plist.xml; path = Info.plist; sourceTree = "<group>"; };
		B20000000000000000000003 /* NearcastWidget.entitlements */ = {isa = PBXFileReference; lastKnownFileType = text.plist.entitlements; path = NearcastWidget.entitlements; sourceTree = "<group>"; };
		B20000000000000000000004 /* NearcastWidgetExtension.appex */ = {isa = PBXFileReference; explicitFileType = "wrapper.app-extension"; includeInIndex = 0; path = NearcastWidgetExtension.appex; sourceTree = BUILT_PRODUCTS_DIR; };
		C20000000000000000000001 /* NearcastStormActivityAttributes.swift */ = {isa = PBXFileReference; lastKnownFileType = sourcecode.swift; path = NearcastStormActivityAttributes.swift; sourceTree = "<group>"; };
		C20000000000000000000002 /* NearcastWidgetSnapshot.swift */ = {isa = PBXFileReference; lastKnownFileType = sourcecode.swift; path = NearcastWidgetSnapshot.swift; sourceTree = "<group>"; };
		C20000000000000000000003 /* NearcastWatchVisualSignal.swift */ = {isa = PBXFileReference; lastKnownFileType = sourcecode.swift; path = NearcastWatchVisualSignal.swift; sourceTree = "<group>"; };
		D20000000000000000000001 /* NearcastWatchApp.swift */ = {isa = PBXFileReference; lastKnownFileType = sourcecode.swift; path = NearcastWatchApp.swift; sourceTree = "<group>"; };
		D20000000000000000000002 /* NearcastWatchRootView.swift */ = {isa = PBXFileReference; lastKnownFileType = sourcecode.swift; path = NearcastWatchRootView.swift; sourceTree = "<group>"; };
		D20000000000000000000003 /* NearcastWatch.entitlements */ = {isa = PBXFileReference; lastKnownFileType = text.plist.entitlements; path = NearcastWatch.entitlements; sourceTree = "<group>"; };
		D20000000000000000000004 /* NearcastWatch.app */ = {isa = PBXFileReference; explicitFileType = wrapper.application; includeInIndex = 0; path = NearcastWatch.app; sourceTree = BUILT_PRODUCTS_DIR; };
		D20000000000000000000005 /* NearcastWatchSnapshotReceiver.swift */ = {isa = PBXFileReference; lastKnownFileType = sourcecode.swift; path = NearcastWatchSnapshotReceiver.swift; sourceTree = "<group>"; };
		D20000000000000000000006 /* Assets.xcassets */ = {isa = PBXFileReference; lastKnownFileType = folder.assetcatalog; path = Assets.xcassets; sourceTree = "<group>"; };
		E20000000000000000000001 /* NearcastWatchComplications.swift */ = {isa = PBXFileReference; lastKnownFileType = sourcecode.swift; path = NearcastWatchComplications.swift; sourceTree = "<group>"; };
		E20000000000000000000002 /* Info.plist */ = {isa = PBXFileReference; lastKnownFileType = text.plist.xml; path = Info.plist; sourceTree = "<group>"; };
		E20000000000000000000003 /* NearcastWatchComplications.entitlements */ = {isa = PBXFileReference; lastKnownFileType = text.plist.entitlements; path = NearcastWatchComplications.entitlements; sourceTree = "<group>"; };
		E20000000000000000000004 /* NearcastWatchComplications.appex */ = {isa = PBXFileReference; explicitFileType = "wrapper.app-extension"; includeInIndex = 0; path = NearcastWatchComplications.appex; sourceTree = BUILT_PRODUCTS_DIR; };
/* End PBXFileReference section */

/* Begin PBXFrameworksBuildPhase section */
		A30000000000000000000001 /* Frameworks */ = {
			isa = PBXFrameworksBuildPhase;
			buildActionMask = 2147483647;
			files = (
			);
			runOnlyForDeploymentPostprocessing = 0;
		};
		B30000000000000000000001 /* Frameworks */ = {
			isa = PBXFrameworksBuildPhase;
			buildActionMask = 2147483647;
			files = (
			);
			runOnlyForDeploymentPostprocessing = 0;
		};
		D30000000000000000000001 /* Frameworks */ = {
			isa = PBXFrameworksBuildPhase;
			buildActionMask = 2147483647;
			files = (
			);
			runOnlyForDeploymentPostprocessing = 0;
		};
		E30000000000000000000001 /* Frameworks */ = {
			isa = PBXFrameworksBuildPhase;
			buildActionMask = 2147483647;
			files = (
			);
			runOnlyForDeploymentPostprocessing = 0;
		};
/* End PBXFrameworksBuildPhase section */

/* Begin PBXGroup section */
		A40000000000000000000001 = {
			isa = PBXGroup;
			children = (
				C40000000000000000000001 /* Shared */,
				A40000000000000000000002 /* NearcastApp */,
				B40000000000000000000001 /* NearcastWidget */,
				D40000000000000000000001 /* NearcastWatch */,
				E40000000000000000000001 /* NearcastWatchComplications */,
				A40000000000000000000003 /* Products */,
			);
			sourceTree = "<group>";
		};
		A40000000000000000000002 /* NearcastApp */ = {
			isa = PBXGroup;
			children = (
				A40000000000000000000004 /* Views */,
				A40000000000000000000005 /* Models */,
				A40000000000000000000006 /* Bridge */,
				A40000000000000000000007 /* Support */,
				A2000000000000000000000B /* Assets.xcassets */,
				A20000000000000000000001 /* NearcastApp.swift */,
				A2000000000000000000000C /* NearcastAppDelegate.swift */,
			);
			path = NearcastApp;
			sourceTree = "<group>";
		};
		A40000000000000000000003 /* Products */ = {
			isa = PBXGroup;
			children = (
				A20000000000000000000009 /* Nearcast.app */,
				B20000000000000000000004 /* NearcastWidgetExtension.appex */,
				D20000000000000000000004 /* NearcastWatch.app */,
				E20000000000000000000004 /* NearcastWatchComplications.appex */,
			);
			name = Products;
			sourceTree = "<group>";
		};
		A40000000000000000000004 /* Views */ = {
			isa = PBXGroup;
			children = (
				A20000000000000000000002 /* ContentView.swift */,
				A20000000000000000000003 /* NativeDiagnosticsView.swift */,
				A20000000000000000000004 /* NearcastWebView.swift */,
			);
			path = Views;
			sourceTree = "<group>";
		};
		A40000000000000000000005 /* Models */ = {
			isa = PBXGroup;
			children = (
				A20000000000000000000005 /* NearcastWebModel.swift */,
			);
			path = Models;
			sourceTree = "<group>";
		};
		A40000000000000000000006 /* Bridge */ = {
			isa = PBXGroup;
			children = (
				A20000000000000000000006 /* NativeBridge.swift */,
				A2000000000000000000000D /* NativeNotificationRegistry.swift */,
				A20000000000000000000010 /* NativeNotificationRouter.swift */,
				A20000000000000000000011 /* NativeStormActivityController.swift */,
				A20000000000000000000012 /* NativeWatchSnapshotSync.swift */,
				A20000000000000000000007 /* NativeRuntimeConfiguration.swift */,
			);
			path = Bridge;
			sourceTree = "<group>";
		};
		A40000000000000000000007 /* Support */ = {
			isa = PBXGroup;
			children = (
				A20000000000000000000008 /* Info-Debug.plist */,
				A2000000000000000000000A /* Info-Release.plist */,
				A2000000000000000000000E /* Nearcast-Debug.entitlements */,
				A2000000000000000000000F /* Nearcast-Release.entitlements */,
			);
			path = Support;
			sourceTree = "<group>";
		};
		B40000000000000000000001 /* NearcastWidget */ = {
			isa = PBXGroup;
			children = (
				B20000000000000000000001 /* NearcastWidget.swift */,
				B20000000000000000000002 /* Info.plist */,
				B20000000000000000000003 /* NearcastWidget.entitlements */,
			);
			path = NearcastWidget;
			sourceTree = "<group>";
		};
		C40000000000000000000001 /* Shared */ = {
			isa = PBXGroup;
			children = (
				C20000000000000000000001 /* NearcastStormActivityAttributes.swift */,
				C20000000000000000000002 /* NearcastWidgetSnapshot.swift */,
				C20000000000000000000003 /* NearcastWatchVisualSignal.swift */,
			);
			path = Shared;
			sourceTree = "<group>";
		};
		D40000000000000000000001 /* NearcastWatch */ = {
			isa = PBXGroup;
			children = (
				D20000000000000000000006 /* Assets.xcassets */,
				D20000000000000000000001 /* NearcastWatchApp.swift */,
				D20000000000000000000002 /* NearcastWatchRootView.swift */,
				D20000000000000000000005 /* NearcastWatchSnapshotReceiver.swift */,
				D20000000000000000000003 /* NearcastWatch.entitlements */,
			);
			path = NearcastWatch;
			sourceTree = "<group>";
		};
		E40000000000000000000001 /* NearcastWatchComplications */ = {
			isa = PBXGroup;
			children = (
				E20000000000000000000001 /* NearcastWatchComplications.swift */,
				E20000000000000000000002 /* Info.plist */,
				E20000000000000000000003 /* NearcastWatchComplications.entitlements */,
			);
			path = NearcastWatchComplications;
			sourceTree = "<group>";
		};
/* End PBXGroup section */

/* Begin PBXNativeTarget section */
		A50000000000000000000001 /* Nearcast */ = {
			isa = PBXNativeTarget;
			buildConfigurationList = A90000000000000000000002 /* Build configuration list for PBXNativeTarget "Nearcast" */;
			buildPhases = (
				A60000000000000000000001 /* Sources */,
				A30000000000000000000001 /* Frameworks */,
				A70000000000000000000001 /* Resources */,
				B71000000000000000000001 /* Embed App Extensions */,
				D71000000000000000000001 /* Embed Watch Content */,
			);
			buildRules = (
			);
			dependencies = (
				B80000000000000000000001 /* PBXTargetDependency */,
				D80000000000000000000002 /* PBXTargetDependency */,
			);
			name = Nearcast;
			productName = Nearcast;
			productReference = A20000000000000000000009 /* Nearcast.app */;
			productType = "com.apple.product-type.application";
		};
		B50000000000000000000001 /* NearcastWidgetExtension */ = {
			isa = PBXNativeTarget;
			buildConfigurationList = B90000000000000000000001 /* Build configuration list for PBXNativeTarget "NearcastWidgetExtension" */;
			buildPhases = (
				B60000000000000000000001 /* Sources */,
				B30000000000000000000001 /* Frameworks */,
				B70000000000000000000001 /* Resources */,
			);
			buildRules = (
			);
			dependencies = (
			);
			name = NearcastWidgetExtension;
			productName = NearcastWidgetExtension;
			productReference = B20000000000000000000004 /* NearcastWidgetExtension.appex */;
			productType = "com.apple.product-type.app-extension";
		};
		D50000000000000000000001 /* NearcastWatch */ = {
			isa = PBXNativeTarget;
			buildConfigurationList = D90000000000000000000001 /* Build configuration list for PBXNativeTarget "NearcastWatch" */;
			buildPhases = (
				D60000000000000000000001 /* Sources */,
				D30000000000000000000001 /* Frameworks */,
				D70000000000000000000001 /* Resources */,
				E71000000000000000000001 /* Embed Watch Extensions */,
			);
			buildRules = (
			);
			dependencies = (
				E80000000000000000000002 /* PBXTargetDependency */,
			);
			name = NearcastWatch;
			productName = NearcastWatch;
			productReference = D20000000000000000000004 /* NearcastWatch.app */;
			productType = "com.apple.product-type.application";
		};
		E50000000000000000000001 /* NearcastWatchComplications */ = {
			isa = PBXNativeTarget;
			buildConfigurationList = E90000000000000000000001 /* Build configuration list for PBXNativeTarget "NearcastWatchComplications" */;
			buildPhases = (
				E60000000000000000000001 /* Sources */,
				E30000000000000000000001 /* Frameworks */,
				E70000000000000000000001 /* Resources */,
			);
			buildRules = (
			);
			dependencies = (
			);
			name = NearcastWatchComplications;
			productName = NearcastWatchComplications;
			productReference = E20000000000000000000004 /* NearcastWatchComplications.appex */;
			productType = "com.apple.product-type.app-extension";
		};
/* End PBXNativeTarget section */

/* Begin PBXProject section */
		A80000000000000000000001 /* Project object */ = {
			isa = PBXProject;
			attributes = {
				BuildIndependentTargetsInParallel = 1;
				LastSwiftUpdateCheck = 2660;
				LastUpgradeCheck = 2660;
				TargetAttributes = {
					A50000000000000000000001 = {
						CreatedOnToolsVersion = 26.6;
						SystemCapabilities = {
							com.apple.ApplicationGroups.iOS = {
								enabled = 1;
							};
							com.apple.Push = {
								enabled = 1;
							};
						};
					};
					B50000000000000000000001 = {
						CreatedOnToolsVersion = 26.6;
						SystemCapabilities = {
							com.apple.ApplicationGroups.iOS = {
								enabled = 1;
							};
						};
					};
					D50000000000000000000001 = {
						CreatedOnToolsVersion = 26.6;
						SystemCapabilities = {
							com.apple.ApplicationGroups.watchOS = {
								enabled = 1;
							};
						};
					};
					E50000000000000000000001 = {
						CreatedOnToolsVersion = 26.6;
						SystemCapabilities = {
							com.apple.ApplicationGroups.watchOS = {
								enabled = 1;
							};
						};
					};
				};
			};
			buildConfigurationList = A90000000000000000000001 /* Build configuration list for PBXProject "Nearcast" */;
			compatibilityVersion = "Xcode 14.0";
			developmentRegion = en;
			hasScannedForEncodings = 0;
			knownRegions = (
				en,
				Base,
			);
			mainGroup = A40000000000000000000001;
			productRefGroup = A40000000000000000000003 /* Products */;
			projectDirPath = "";
			projectRoot = "";
			targets = (
				A50000000000000000000001 /* Nearcast */,
				B50000000000000000000001 /* NearcastWidgetExtension */,
				D50000000000000000000001 /* NearcastWatch */,
				E50000000000000000000001 /* NearcastWatchComplications */,
			);
		};
/* End PBXProject section */

/* Begin PBXResourcesBuildPhase section */
		A70000000000000000000001 /* Resources */ = {
			isa = PBXResourcesBuildPhase;
			buildActionMask = 2147483647;
			files = (
				A10000000000000000000008 /* Assets.xcassets in Resources */,
			);
			runOnlyForDeploymentPostprocessing = 0;
		};
		B70000000000000000000001 /* Resources */ = {
			isa = PBXResourcesBuildPhase;
			buildActionMask = 2147483647;
			files = (
			);
			runOnlyForDeploymentPostprocessing = 0;
		};
		D70000000000000000000001 /* Resources */ = {
			isa = PBXResourcesBuildPhase;
			buildActionMask = 2147483647;
			files = (
				D10000000000000000000006 /* Assets.xcassets in Resources */,
			);
			runOnlyForDeploymentPostprocessing = 0;
		};
		E70000000000000000000001 /* Resources */ = {
			isa = PBXResourcesBuildPhase;
			buildActionMask = 2147483647;
			files = (
			);
			runOnlyForDeploymentPostprocessing = 0;
		};
/* End PBXResourcesBuildPhase section */

/* Begin PBXSourcesBuildPhase section */
		A60000000000000000000001 /* Sources */ = {
			isa = PBXSourcesBuildPhase;
			buildActionMask = 2147483647;
			files = (
				A10000000000000000000001 /* NearcastApp.swift in Sources */,
				A10000000000000000000002 /* ContentView.swift in Sources */,
				A10000000000000000000003 /* NativeDiagnosticsView.swift in Sources */,
				A10000000000000000000004 /* NearcastWebView.swift in Sources */,
				A10000000000000000000005 /* NearcastWebModel.swift in Sources */,
				A10000000000000000000006 /* NativeBridge.swift in Sources */,
				A10000000000000000000007 /* NativeRuntimeConfiguration.swift in Sources */,
				A10000000000000000000009 /* NearcastAppDelegate.swift in Sources */,
				A1000000000000000000000A /* NativeNotificationRegistry.swift in Sources */,
				A1000000000000000000000B /* NativeNotificationRouter.swift in Sources */,
				A1000000000000000000000C /* NativeStormActivityController.swift in Sources */,
				A1000000000000000000000D /* NativeWatchSnapshotSync.swift in Sources */,
				C10000000000000000000001 /* NearcastStormActivityAttributes.swift in Sources */,
				C10000000000000000000003 /* NearcastWidgetSnapshot.swift in Sources */,
			);
			runOnlyForDeploymentPostprocessing = 0;
		};
		B60000000000000000000001 /* Sources */ = {
			isa = PBXSourcesBuildPhase;
			buildActionMask = 2147483647;
			files = (
				B10000000000000000000001 /* NearcastWidget.swift in Sources */,
				C10000000000000000000002 /* NearcastStormActivityAttributes.swift in Sources */,
				C10000000000000000000004 /* NearcastWidgetSnapshot.swift in Sources */,
			);
			runOnlyForDeploymentPostprocessing = 0;
		};
		D60000000000000000000001 /* Sources */ = {
			isa = PBXSourcesBuildPhase;
			buildActionMask = 2147483647;
			files = (
				D10000000000000000000001 /* NearcastWatchApp.swift in Sources */,
				D10000000000000000000002 /* NearcastWatchRootView.swift in Sources */,
				D10000000000000000000004 /* NearcastWatchSnapshotReceiver.swift in Sources */,
				D10000000000000000000003 /* NearcastWidgetSnapshot.swift in Sources */,
				D10000000000000000000007 /* NearcastWatchVisualSignal.swift in Sources */,
			);
			runOnlyForDeploymentPostprocessing = 0;
		};
		E60000000000000000000001 /* Sources */ = {
			isa = PBXSourcesBuildPhase;
			buildActionMask = 2147483647;
			files = (
				E10000000000000000000001 /* NearcastWatchComplications.swift in Sources */,
				E10000000000000000000002 /* NearcastWidgetSnapshot.swift in Sources */,
				E10000000000000000000004 /* NearcastWatchVisualSignal.swift in Sources */,
			);
			runOnlyForDeploymentPostprocessing = 0;
		};
/* End PBXSourcesBuildPhase section */

/* Begin PBXTargetDependency section */
		B80000000000000000000001 /* PBXTargetDependency */ = {
			isa = PBXTargetDependency;
			target = B50000000000000000000001 /* NearcastWidgetExtension */;
			targetProxy = B80000000000000000000002 /* PBXContainerItemProxy */;
		};
		D80000000000000000000002 /* PBXTargetDependency */ = {
			isa = PBXTargetDependency;
			target = D50000000000000000000001 /* NearcastWatch */;
			targetProxy = D80000000000000000000001 /* PBXContainerItemProxy */;
		};
		E80000000000000000000002 /* PBXTargetDependency */ = {
			isa = PBXTargetDependency;
			target = E50000000000000000000001 /* NearcastWatchComplications */;
			targetProxy = E80000000000000000000001 /* PBXContainerItemProxy */;
		};
/* End PBXTargetDependency section */

/* Begin XCBuildConfiguration section */
		AA0000000000000000000001 /* Debug */ = {
			isa = XCBuildConfiguration;
			buildSettings = {
				ALWAYS_SEARCH_USER_PATHS = NO;
				CLANG_ANALYZER_NONNULL = YES;
				CLANG_ANALYZER_NUMBER_OBJECT_CONVERSION = YES_AGGRESSIVE;
				CLANG_CXX_LANGUAGE_STANDARD = "gnu++20";
				CLANG_ENABLE_MODULES = YES;
				CLANG_ENABLE_OBJC_ARC = YES;
				CLANG_ENABLE_OBJC_WEAK = YES;
				CLANG_WARN_BLOCK_CAPTURE_AUTORELEASING = YES;
				CLANG_WARN_BOOL_CONVERSION = YES;
				CLANG_WARN_COMMA = YES;
				CLANG_WARN_CONSTANT_CONVERSION = YES;
				CLANG_WARN_DEPRECATED_OBJC_IMPLEMENTATIONS = YES;
				CLANG_WARN_DIRECT_OBJC_ISA_USAGE = YES_ERROR;
				CLANG_WARN_DOCUMENTATION_COMMENTS = YES;
				CLANG_WARN_EMPTY_BODY = YES;
				CLANG_WARN_ENUM_CONVERSION = YES;
				CLANG_WARN_INFINITE_RECURSION = YES;
				CLANG_WARN_INT_CONVERSION = YES;
				CLANG_WARN_NON_LITERAL_NULL_CONVERSION = YES;
				CLANG_WARN_OBJC_IMPLICIT_RETAIN_SELF = YES;
				CLANG_WARN_OBJC_LITERAL_CONVERSION = YES;
				CLANG_WARN_OBJC_ROOT_CLASS = YES_ERROR;
				CLANG_WARN_QUOTED_INCLUDE_IN_FRAMEWORK_HEADER = YES;
				CLANG_WARN_RANGE_LOOP_ANALYSIS = YES;
				CLANG_WARN_STRICT_PROTOTYPES = YES;
				CLANG_WARN_SUSPICIOUS_MOVE = YES;
				CLANG_WARN_UNGUARDED_AVAILABILITY = YES_AGGRESSIVE;
				CLANG_WARN_UNREACHABLE_CODE = YES;
				CLANG_WARN__DUPLICATE_METHOD_MATCH = YES;
				COPY_PHASE_STRIP = NO;
				DEBUG_INFORMATION_FORMAT = dwarf;
				ENABLE_STRICT_OBJC_MSGSEND = YES;
				ENABLE_TESTABILITY = YES;
				ENABLE_USER_SCRIPT_SANDBOXING = YES;
				GCC_C_LANGUAGE_STANDARD = gnu17;
				GCC_DYNAMIC_NO_PIC = NO;
				GCC_NO_COMMON_BLOCKS = YES;
				GCC_OPTIMIZATION_LEVEL = 0;
				GCC_PREPROCESSOR_DEFINITIONS = (
					"DEBUG=1",
					"$(inherited)",
				);
				GCC_WARN_64_TO_32_BIT_CONVERSION = YES;
				GCC_WARN_ABOUT_RETURN_TYPE = YES_ERROR;
				GCC_WARN_UNDECLARED_SELECTOR = YES;
				GCC_WARN_UNINITIALIZED_AUTOS = YES_AGGRESSIVE;
				GCC_WARN_UNUSED_FUNCTION = YES;
				GCC_WARN_UNUSED_VARIABLE = YES;
				IPHONEOS_DEPLOYMENT_TARGET = 17.0;
				LOCALIZATION_PREFERS_STRING_CATALOGS = YES;
				MTL_ENABLE_DEBUG_INFO = INCLUDE_SOURCE;
				MTL_FAST_MATH = YES;
				ONLY_ACTIVE_ARCH = YES;
				SDKROOT = iphoneos;
				SWIFT_ACTIVE_COMPILATION_CONDITIONS = "DEBUG $(inherited)";
				SWIFT_OPTIMIZATION_LEVEL = "-Onone";
			};
			name = Debug;
		};
		AA0000000000000000000002 /* Release */ = {
			isa = XCBuildConfiguration;
			buildSettings = {
				ALWAYS_SEARCH_USER_PATHS = NO;
				CLANG_ANALYZER_NONNULL = YES;
				CLANG_ANALYZER_NUMBER_OBJECT_CONVERSION = YES_AGGRESSIVE;
				CLANG_CXX_LANGUAGE_STANDARD = "gnu++20";
				CLANG_ENABLE_MODULES = YES;
				CLANG_ENABLE_OBJC_ARC = YES;
				CLANG_ENABLE_OBJC_WEAK = YES;
				CLANG_WARN_BLOCK_CAPTURE_AUTORELEASING = YES;
				CLANG_WARN_BOOL_CONVERSION = YES;
				CLANG_WARN_COMMA = YES;
				CLANG_WARN_CONSTANT_CONVERSION = YES;
				CLANG_WARN_DEPRECATED_OBJC_IMPLEMENTATIONS = YES;
				CLANG_WARN_DIRECT_OBJC_ISA_USAGE = YES_ERROR;
				CLANG_WARN_DOCUMENTATION_COMMENTS = YES;
				CLANG_WARN_EMPTY_BODY = YES;
				CLANG_WARN_ENUM_CONVERSION = YES;
				CLANG_WARN_INFINITE_RECURSION = YES;
				CLANG_WARN_INT_CONVERSION = YES;
				CLANG_WARN_NON_LITERAL_NULL_CONVERSION = YES;
				CLANG_WARN_OBJC_IMPLICIT_RETAIN_SELF = YES;
				CLANG_WARN_OBJC_LITERAL_CONVERSION = YES;
				CLANG_WARN_OBJC_ROOT_CLASS = YES_ERROR;
				CLANG_WARN_QUOTED_INCLUDE_IN_FRAMEWORK_HEADER = YES;
				CLANG_WARN_RANGE_LOOP_ANALYSIS = YES;
				CLANG_WARN_STRICT_PROTOTYPES = YES;
				CLANG_WARN_SUSPICIOUS_MOVE = YES;
				CLANG_WARN_UNGUARDED_AVAILABILITY = YES_AGGRESSIVE;
				CLANG_WARN_UNREACHABLE_CODE = YES;
				CLANG_WARN__DUPLICATE_METHOD_MATCH = YES;
				COPY_PHASE_STRIP = NO;
				DEBUG_INFORMATION_FORMAT = "dwarf-with-dsym";
				ENABLE_NS_ASSERTIONS = NO;
				ENABLE_STRICT_OBJC_MSGSEND = YES;
				ENABLE_USER_SCRIPT_SANDBOXING = YES;
				GCC_C_LANGUAGE_STANDARD = gnu17;
				GCC_NO_COMMON_BLOCKS = YES;
				GCC_WARN_64_TO_32_BIT_CONVERSION = YES;
				GCC_WARN_ABOUT_RETURN_TYPE = YES_ERROR;
				GCC_WARN_UNDECLARED_SELECTOR = YES;
				GCC_WARN_UNINITIALIZED_AUTOS = YES_AGGRESSIVE;
				GCC_WARN_UNUSED_FUNCTION = YES;
				GCC_WARN_UNUSED_VARIABLE = YES;
				IPHONEOS_DEPLOYMENT_TARGET = 17.0;
				LOCALIZATION_PREFERS_STRING_CATALOGS = YES;
				MTL_ENABLE_DEBUG_INFO = NO;
				MTL_FAST_MATH = YES;
				SDKROOT = iphoneos;
				SWIFT_COMPILATION_MODE = wholemodule;
				VALIDATE_PRODUCT = YES;
			};
			name = Release;
		};
		AA0000000000000000000003 /* Debug */ = {
			isa = XCBuildConfiguration;
			buildSettings = {
				ASSETCATALOG_COMPILER_APPICON_NAME = AppIcon;
				ASSETCATALOG_COMPILER_GLOBAL_ACCENT_COLOR_NAME = AccentColor;
				CODE_SIGN_ENTITLEMENTS = "NearcastApp/Support/Nearcast-Debug.entitlements";
				CODE_SIGN_STYLE = Automatic;
				CURRENT_PROJECT_VERSION = 75;
				DEVELOPMENT_ASSET_PATHS = "";
				DEVELOPMENT_TEAM = 22PRZ6YK2P;
				ENABLE_PREVIEWS = YES;
				GENERATE_INFOPLIST_FILE = NO;
				INFOPLIST_FILE = "NearcastApp/Support/Info-Debug.plist";
				INFOPLIST_KEY_UIApplicationSceneManifest_Generation = YES;
				INFOPLIST_KEY_UIApplicationSupportsIndirectInputEvents = YES;
				IPHONEOS_DEPLOYMENT_TARGET = 17.0;
				MARKETING_VERSION = 0.1.0;
				PRODUCT_BUNDLE_IDENTIFIER = app.nearcast.ios;
				PRODUCT_NAME = "$(TARGET_NAME)";
				SUPPORTED_PLATFORMS = "iphoneos iphonesimulator";
				SUPPORTS_MACCATALYST = NO;
				SUPPORTS_MAC_DESIGNED_FOR_IPHONE_IPAD = NO;
				SWIFT_EMIT_LOC_STRINGS = YES;
				SWIFT_VERSION = 5.0;
				TARGETED_DEVICE_FAMILY = "1,2";
			};
			name = Debug;
		};
		AA0000000000000000000004 /* Release */ = {
			isa = XCBuildConfiguration;
			buildSettings = {
				ASSETCATALOG_COMPILER_APPICON_NAME = AppIcon;
				ASSETCATALOG_COMPILER_GLOBAL_ACCENT_COLOR_NAME = AccentColor;
				CODE_SIGN_ENTITLEMENTS = "NearcastApp/Support/Nearcast-Release.entitlements";
				CODE_SIGN_IDENTITY = "Apple Distribution";
				CODE_SIGN_STYLE = Manual;
				CURRENT_PROJECT_VERSION = 75;
				DEVELOPMENT_ASSET_PATHS = "";
				DEVELOPMENT_TEAM = 22PRZ6YK2P;
				ENABLE_PREVIEWS = YES;
				GENERATE_INFOPLIST_FILE = NO;
				INFOPLIST_FILE = "NearcastApp/Support/Info-Release.plist";
				INFOPLIST_KEY_UIApplicationSceneManifest_Generation = YES;
				INFOPLIST_KEY_UIApplicationSupportsIndirectInputEvents = YES;
				IPHONEOS_DEPLOYMENT_TARGET = 17.0;
				MARKETING_VERSION = 0.1.0;
				PRODUCT_BUNDLE_IDENTIFIER = app.nearcast.ios;
				PRODUCT_NAME = "$(TARGET_NAME)";
				PROVISIONING_PROFILE_SPECIFIER = "Nearcast App Distribution";
				SUPPORTED_PLATFORMS = "iphoneos iphonesimulator";
				SUPPORTS_MACCATALYST = NO;
				SUPPORTS_MAC_DESIGNED_FOR_IPHONE_IPAD = NO;
				SWIFT_EMIT_LOC_STRINGS = YES;
				SWIFT_VERSION = 5.0;
				TARGETED_DEVICE_FAMILY = "1,2";
			};
			name = Release;
		};
		BB0000000000000000000001 /* Debug */ = {
			isa = XCBuildConfiguration;
			buildSettings = {
				APPLICATION_EXTENSION_API_ONLY = YES;
				CODE_SIGN_ENTITLEMENTS = NearcastWidget/NearcastWidget.entitlements;
				CODE_SIGN_STYLE = Automatic;
				CURRENT_PROJECT_VERSION = 75;
				DEVELOPMENT_TEAM = 22PRZ6YK2P;
				GENERATE_INFOPLIST_FILE = NO;
				INFOPLIST_FILE = NearcastWidget/Info.plist;
				IPHONEOS_DEPLOYMENT_TARGET = 17.0;
				LD_RUNPATH_SEARCH_PATHS = (
					"$(inherited)",
					"@executable_path/Frameworks",
					"@executable_path/../../Frameworks",
				);
				MARKETING_VERSION = 0.1.0;
				PRODUCT_BUNDLE_IDENTIFIER = app.nearcast.ios.widget;
				PRODUCT_NAME = "$(TARGET_NAME)";
				SKIP_INSTALL = YES;
				SUPPORTED_PLATFORMS = "iphoneos iphonesimulator";
				SUPPORTS_MACCATALYST = NO;
				SUPPORTS_MAC_DESIGNED_FOR_IPHONE_IPAD = NO;
				SWIFT_EMIT_LOC_STRINGS = YES;
				SWIFT_VERSION = 5.0;
				TARGETED_DEVICE_FAMILY = "1,2";
			};
			name = Debug;
		};
		BB0000000000000000000002 /* Release */ = {
			isa = XCBuildConfiguration;
			buildSettings = {
				APPLICATION_EXTENSION_API_ONLY = YES;
				CODE_SIGN_ENTITLEMENTS = NearcastWidget/NearcastWidget.entitlements;
				CODE_SIGN_IDENTITY = "Apple Distribution";
				CODE_SIGN_STYLE = Manual;
				CURRENT_PROJECT_VERSION = 75;
				DEVELOPMENT_TEAM = 22PRZ6YK2P;
				GENERATE_INFOPLIST_FILE = NO;
				INFOPLIST_FILE = NearcastWidget/Info.plist;
				IPHONEOS_DEPLOYMENT_TARGET = 17.0;
				LD_RUNPATH_SEARCH_PATHS = (
					"$(inherited)",
					"@executable_path/Frameworks",
					"@executable_path/../../Frameworks",
				);
				MARKETING_VERSION = 0.1.0;
				PRODUCT_BUNDLE_IDENTIFIER = app.nearcast.ios.widget;
				PRODUCT_NAME = "$(TARGET_NAME)";
				PROVISIONING_PROFILE_SPECIFIER = "Nearcast Widget Distribution";
				SKIP_INSTALL = YES;
				SUPPORTED_PLATFORMS = "iphoneos iphonesimulator";
				SUPPORTS_MACCATALYST = NO;
				SUPPORTS_MAC_DESIGNED_FOR_IPHONE_IPAD = NO;
				SWIFT_EMIT_LOC_STRINGS = YES;
				SWIFT_VERSION = 5.0;
				TARGETED_DEVICE_FAMILY = "1,2";
			};
			name = Release;
		};
		DD0000000000000000000001 /* Debug */ = {
			isa = XCBuildConfiguration;
			buildSettings = {
				ASSETCATALOG_COMPILER_APPICON_NAME = AppIcon;
				CODE_SIGN_ENTITLEMENTS = NearcastWatch/NearcastWatch.entitlements;
				CODE_SIGN_STYLE = Automatic;
				CURRENT_PROJECT_VERSION = 75;
				DEVELOPMENT_TEAM = 22PRZ6YK2P;
				ENABLE_PREVIEWS = YES;
				GENERATE_INFOPLIST_FILE = NO;
				INFOPLIST_FILE = NearcastWatch/Info.plist;
				INFOPLIST_KEY_CFBundleDisplayName = Nearcast;
				INFOPLIST_KEY_NSHumanReadableCopyright = "";
				INFOPLIST_KEY_UISupportedInterfaceOrientations = "UIInterfaceOrientationPortrait UIInterfaceOrientationPortraitUpsideDown";
				INFOPLIST_KEY_WKCompanionAppBundleIdentifier = app.nearcast.ios;
				LD_RUNPATH_SEARCH_PATHS = (
					"$(inherited)",
					"@executable_path/Frameworks",
				);
				MARKETING_VERSION = 0.1.0;
				PRODUCT_BUNDLE_IDENTIFIER = app.nearcast.ios.watch;
				PRODUCT_NAME = "$(TARGET_NAME)";
				SDKROOT = watchos;
				SKIP_INSTALL = YES;
				SUPPORTED_PLATFORMS = "watchos watchsimulator";
				SWIFT_EMIT_LOC_STRINGS = YES;
				SWIFT_VERSION = 5.0;
				TARGETED_DEVICE_FAMILY = 4;
				WATCHOS_DEPLOYMENT_TARGET = 10.0;
			};
			name = Debug;
		};
		DD0000000000000000000002 /* Release */ = {
			isa = XCBuildConfiguration;
			buildSettings = {
				ASSETCATALOG_COMPILER_APPICON_NAME = AppIcon;
				CODE_SIGN_ENTITLEMENTS = NearcastWatch/NearcastWatch.entitlements;
				CODE_SIGN_IDENTITY = "Apple Distribution";
				CODE_SIGN_STYLE = Manual;
				CURRENT_PROJECT_VERSION = 75;
				DEVELOPMENT_TEAM = 22PRZ6YK2P;
				ENABLE_PREVIEWS = YES;
				GENERATE_INFOPLIST_FILE = NO;
				INFOPLIST_FILE = NearcastWatch/Info.plist;
				INFOPLIST_KEY_CFBundleDisplayName = Nearcast;
				INFOPLIST_KEY_NSHumanReadableCopyright = "";
				INFOPLIST_KEY_UISupportedInterfaceOrientations = "UIInterfaceOrientationPortrait UIInterfaceOrientationPortraitUpsideDown";
				INFOPLIST_KEY_WKCompanionAppBundleIdentifier = app.nearcast.ios;
				LD_RUNPATH_SEARCH_PATHS = (
					"$(inherited)",
					"@executable_path/Frameworks",
				);
				MARKETING_VERSION = 0.1.0;
				PRODUCT_BUNDLE_IDENTIFIER = app.nearcast.ios.watch;
				PRODUCT_NAME = "$(TARGET_NAME)";
				PROVISIONING_PROFILE_SPECIFIER = "Nearcast Watch Distribution";
				SDKROOT = watchos;
				SKIP_INSTALL = YES;
				SUPPORTED_PLATFORMS = "watchos watchsimulator";
				SWIFT_EMIT_LOC_STRINGS = YES;
				SWIFT_VERSION = 5.0;
				TARGETED_DEVICE_FAMILY = 4;
				WATCHOS_DEPLOYMENT_TARGET = 10.0;
			};
			name = Release;
		};
		EE0000000000000000000001 /* Debug */ = {
			isa = XCBuildConfiguration;
			buildSettings = {
				APPLICATION_EXTENSION_API_ONLY = YES;
				CODE_SIGN_ENTITLEMENTS = NearcastWatchComplications/NearcastWatchComplications.entitlements;
				CODE_SIGN_STYLE = Automatic;
				CURRENT_PROJECT_VERSION = 75;
				DEVELOPMENT_TEAM = 22PRZ6YK2P;
				GENERATE_INFOPLIST_FILE = NO;
				INFOPLIST_FILE = NearcastWatchComplications/Info.plist;
				LD_RUNPATH_SEARCH_PATHS = (
					"$(inherited)",
					"@executable_path/Frameworks",
					"@executable_path/../../Frameworks",
				);
				MARKETING_VERSION = 0.1.0;
				PRODUCT_BUNDLE_IDENTIFIER = app.nearcast.ios.watch.complications;
				PRODUCT_NAME = "$(TARGET_NAME)";
				SDKROOT = watchos;
				SKIP_INSTALL = YES;
				SUPPORTED_PLATFORMS = "watchos watchsimulator";
				SWIFT_EMIT_LOC_STRINGS = YES;
				SWIFT_VERSION = 5.0;
				TARGETED_DEVICE_FAMILY = 4;
				WATCHOS_DEPLOYMENT_TARGET = 10.0;
			};
			name = Debug;
		};
		EE0000000000000000000002 /* Release */ = {
			isa = XCBuildConfiguration;
			buildSettings = {
				APPLICATION_EXTENSION_API_ONLY = YES;
				CODE_SIGN_ENTITLEMENTS = NearcastWatchComplications/NearcastWatchComplications.entitlements;
				CODE_SIGN_IDENTITY = "Apple Distribution";
				CODE_SIGN_STYLE = Manual;
				CURRENT_PROJECT_VERSION = 75;
				DEVELOPMENT_TEAM = 22PRZ6YK2P;
				GENERATE_INFOPLIST_FILE = NO;
				INFOPLIST_FILE = NearcastWatchComplications/Info.plist;
				LD_RUNPATH_SEARCH_PATHS = (
					"$(inherited)",
					"@executable_path/Frameworks",
					"@executable_path/../../Frameworks",
				);
				MARKETING_VERSION = 0.1.0;
				PRODUCT_BUNDLE_IDENTIFIER = app.nearcast.ios.watch.complications;
				PRODUCT_NAME = "$(TARGET_NAME)";
				PROVISIONING_PROFILE_SPECIFIER = "Nearcast Watch Complications Distribution V2";
				SDKROOT = watchos;
				SKIP_INSTALL = YES;
				SUPPORTED_PLATFORMS = "watchos watchsimulator";
				SWIFT_EMIT_LOC_STRINGS = YES;
				SWIFT_VERSION = 5.0;
				TARGETED_DEVICE_FAMILY = 4;
				WATCHOS_DEPLOYMENT_TARGET = 10.0;
			};
			name = Release;
		};
/* End XCBuildConfiguration section */

/* Begin XCConfigurationList section */
		A90000000000000000000001 /* Build configuration list for PBXProject "Nearcast" */ = {
			isa = XCConfigurationList;
			buildConfigurations = (
				AA0000000000000000000001 /* Debug */,
				AA0000000000000000000002 /* Release */,
			);
			defaultConfigurationIsVisible = 0;
			defaultConfigurationName = Release;
		};
		A90000000000000000000002 /* Build configuration list for PBXNativeTarget "Nearcast" */ = {
			isa = XCConfigurationList;
			buildConfigurations = (
				AA0000000000000000000003 /* Debug */,
				AA0000000000000000000004 /* Release */,
			);
			defaultConfigurationIsVisible = 0;
			defaultConfigurationName = Release;
		};
		B90000000000000000000001 /* Build configuration list for PBXNativeTarget "NearcastWidgetExtension" */ = {
			isa = XCConfigurationList;
			buildConfigurations = (
				BB0000000000000000000001 /* Debug */,
				BB0000000000000000000002 /* Release */,
			);
			defaultConfigurationIsVisible = 0;
			defaultConfigurationName = Release;
		};
		D90000000000000000000001 /* Build configuration list for PBXNativeTarget "NearcastWatch" */ = {
			isa = XCConfigurationList;
			buildConfigurations = (
				DD0000000000000000000001 /* Debug */,
				DD0000000000000000000002 /* Release */,
			);
			defaultConfigurationIsVisible = 0;
			defaultConfigurationName = Release;
		};
		E90000000000000000000001 /* Build configuration list for PBXNativeTarget "NearcastWatchComplications" */ = {
			isa = XCConfigurationList;
			buildConfigurations = (
				EE0000000000000000000001 /* Debug */,
				EE0000000000000000000002 /* Release */,
			);
			defaultConfigurationIsVisible = 0;
			defaultConfigurationName = Release;
		};
/* End XCConfigurationList section */
	};
	rootObject = A80000000000000000000001 /* Project object */;
}
