{
  "originHash" : "77656470694873f8c3aea39681b0e0c3e332fc7ef102b2f1204392e42a75cdd9",
  "pins" : [
    {
      "identity" : "operon",
      "kind" : "remoteSourceControl",
      "location" : "https://github.com/markdsparks/operon.git",
      "state" : {
        "revision" : "d6c64e3ac8257f0a5231f04160fd6e133ee82fa8",
        "version" : "0.3.0"
      }
    }
  ],
  "version" : 3
}
