{
  "originHash" : "77656470694873f8c3aea39681b0e0c3e332fc7ef102b2f1204392e42a75cdd9",
  "pins" : [
    {
      "identity" : "operon",
      "kind" : "remoteSourceControl",
      "location" : "https://github.com/markdsparks/operon.git",
      "state" : {
        "revision" : "1b6c69e5ec85cfda1172b71cb41cbc66e6f91e2b",
        "version" : "0.4.0"
      }
    }
  ],
  "version" : 3
}
